{
  "lockfileVersion": 1,
  "workspaces": {
    "": {
      "name": "smells-code-analyzer",
      "dependencies": {
        "@vscode/ripgrep": "1.15.14",
        "commander": "14.0.1",
        "tree-sitter": "0.25.0",
        "tree-sitter-typescript": "0.23.2",
        "ts-lsp-client": "1.1.0",
        "walk-sync": "4.0.1",
      },
      "devDependencies": {
        "@types/node": "24.7.2",
        "ts-node": "10.9.2",
        "tslib": "2.8.1",
        "tsm": "2.3.0",
        "typescript": "5.9.3",
      },
    },
  },
  "packages": {
    "@cspotcode/source-map-support": ["@cspotcode/source-map-support@0.8.1", "", { "dependencies": { "@jridgewell/trace-mapping": "0.3.9" } }, "sha512-IchNf6dN4tHoMFIn/7OE8LWZ19Y6q/67Bmf6vnGREv8RSbBVb9LPJxEcnwrcwX6ixSvaiGoomAUvu4YSxXrVgw=="],

    "@esbuild/android-arm": ["@esbuild/android-arm@0.15.18", "", { "os": "android", "cpu": "arm" }, "sha512-5GT+kcs2WVGjVs7+boataCkO5Fg0y4kCjzkB5bAip7H4jfnOS3dA6KPiww9W1OEKTKeAcUVhdZGvgI65OXmUnw=="],

    "@esbuild/linux-loong64": ["@esbuild/linux-loong64@0.15.18", "", { "os": "linux", "cpu": "none" }, "sha512-L4jVKS82XVhw2nvzLg/19ClLWg0y27ulRwuP7lcyL6AbUWB5aPglXY3M21mauDQMDfRLs8cQmeT03r/+X3cZYQ=="],

    "@isaacs/balanced-match": ["@isaacs/balanced-match@4.0.1", "", {}, "sha512-yzMTt9lEb8Gv7zRioUilSglI0c0smZ9k5D65677DLWLtWJaXIS3CqcGyUFByYKlnUj6TkjLVs54fBl6+TiGQDQ=="],

    "@isaacs/brace-expansion": ["@isaacs/brace-expansion@5.0.0", "", { "dependencies": { "@isaacs/balanced-match": "^4.0.1" } }, "sha512-ZT55BDLV0yv0RBm2czMiZ+SqCGO7AvmOM3G/w2xhVPH+te0aKgFjmBvGlL1dH+ql2tgGO3MVrbb3jCKyvpgnxA=="],

    "@jridgewell/resolve-uri": ["@jridgewell/resolve-uri@3.1.1", "", {}, "sha512-dSYZh7HhCDtCKm4QakX0xFpsRDqjjtZf/kjI/v3T3Nwt5r8/qz/M19F9ySyOqU94SXBmeG9ttTul+YnR4LOxFA=="],

    "@jridgewell/sourcemap-codec": ["@jridgewell/sourcemap-codec@1.4.15", "", {}, "sha512-eF2rxCRulEKXHTRiDrDy6erMYWqNw4LPdQ8UQA4huuxaQsVeRPFl2oM8oDGxMFhJUWZf9McpLtJasDDZb/Bpeg=="],

    "@jridgewell/trace-mapping": ["@jridgewell/trace-mapping@0.3.9", "", { "dependencies": { "@jridgewell/resolve-uri": "^3.0.3", "@jridgewell/sourcemap-codec": "^1.4.10" } }, "sha512-3Belt6tdc8bPgAtbcmdtNJlirVoTmEb5e2gC94PnkwEW9jI6CAHUeoG85tjWP5WquqfavoMtMwiG4P926ZKKuQ=="],

    "@tsconfig/node10": ["@tsconfig/node10@1.0.9", "", {}, "sha512-jNsYVVxU8v5g43Erja32laIDHXeoNvFEpX33OK4d6hljo3jDhCBDhx5dhCCTMWUojscpAagGiRkBKxpdl9fxqA=="],

    "@tsconfig/node12": ["@tsconfig/node12@1.0.11", "", {}, "sha512-cqefuRsh12pWyGsIoBKJA9luFu3mRxCA+ORZvA4ktLSzIuCUtWVxGIuXigEwO5/ywWFMZ2QEGKWvkZG1zDMTag=="],

    "@tsconfig/node14": ["@tsconfig/node14@1.0.3", "", {}, "sha512-ysT8mhdixWK6Hw3i1V2AeRqZ5WfXg1G43mqoYlM2nc6388Fq5jcXyr5mRsqViLx/GJYdoL0bfXD8nmF+Zn/Iow=="],

    "@tsconfig/node16": ["@tsconfig/node16@1.0.4", "", {}, "sha512-vxhUy4J8lyeyinH7Azl1pdd43GJhZH/tP2weN8TntQblOY+A0XbT8DJk1/oCPuOOyg/Ja757rG0CgHcWC8OfMA=="],

    "@types/minimatch": ["@types/minimatch@5.1.2", "", {}, "sha512-K0VQKziLUWkVKiRVrx4a40iPaxTUefQmjtkQofBkYRcoaaL/8rhwDWww9qWbrgicNOgnpIsMxyNIUM4+n6dUIA=="],

    "@types/node": ["@types/node@24.7.2", "", { "dependencies": { "undici-types": "~7.14.0" } }, "sha512-/NbVmcGTP+lj5oa4yiYxxeBjRivKQ5Ns1eSZeB99ExsEQ6rX5XYU1Zy/gGxY/ilqtD4Etx9mKyrPxZRetiahhA=="],

    "@vscode/ripgrep": ["@vscode/ripgrep@1.15.14", "", { "dependencies": { "https-proxy-agent": "^7.0.2", "proxy-from-env": "^1.1.0", "yauzl": "^2.9.2" } }, "sha512-/G1UJPYlm+trBWQ6cMO3sv6b8D1+G16WaJH1/DSqw32JOVlzgZbLkDxRyzIpTpv30AcYGMkCf5tUqGlW6HbDWw=="],

    "acorn": ["acorn@8.11.2", "", { "bin": "bin/acorn" }, "sha512-nc0Axzp/0FILLEVsm4fNwLCwMttvhEI263QtVPQcbpfZZ3ts0hLsZGOpE6czNlid7CJ9MlyH8reXkpsf3YUY4w=="],

    "acorn-walk": ["acorn-walk@8.3.0", "", {}, "sha512-FS7hV565M5l1R08MXqo8odwMTB02C2UqzB17RVgu9EyuYFBqJZ3/ZY97sQD5FewVu1UyDFc1yztUDrAwT0EypA=="],

    "agent-base": ["agent-base@7.1.0", "", { "dependencies": { "debug": "^4.3.4" } }, "sha512-o/zjMZRhJxny7OyEF+Op8X+efiELC7k7yOjMzgfzVqOzXqkBkWI79YoTdOtsuWd5BWhAGAuOY/Xa6xpiaWXiNg=="],

    "arg": ["arg@4.1.3", "", {}, "sha512-58S9QDqG0Xx27YwPSt9fJxivjYl432YCwfDMfZ+71RAqUrZef7LrKQZ3LHLOwCS4FLNBplP533Zx895SeOCHvA=="],

    "atomic-sleep": ["atomic-sleep@1.0.0", "", {}, "sha512-kNOjDqAh7px0XWNI+4QbzoiR/nTkHAWNud2uvnJquD1/x5a7EQZMJT0AczqK0Qn67oY/TTQ1LbUKajZpp3I9tQ=="],

    "balanced-match": ["balanced-match@1.0.2", "", {}, "sha512-3oSeUO0TMV67hN1AmbXsK4yaqU7tjiHlbxRDZOpH0KW9+CeX4bRAaX0Anxt0tx2MrpRpWwQaPwIlISEJhYU5Pw=="],

    "brace-expansion": ["brace-expansion@1.1.11", "", { "dependencies": { "balanced-match": "^1.0.0", "concat-map": "0.0.1" } }, "sha512-iCuPHDFgrHX7H2vEI/5xpz07zSHB00TpugqhmYtVmMO6518mCuRMoOYFldEBl0g187ufozdaHgWKcYFb61qGiA=="],

    "buffer-crc32": ["buffer-crc32@0.2.13", "", {}, "sha512-VO9Ht/+p3SN7SKWqcrgEzjGbRSJYTx+Q1pTQC0wrWqHx0vpJraQ6GtHx8tvcg1rlK1byhU5gccxgOgj7B0TDkQ=="],

    "colorette": ["colorette@2.0.20", "", {}, "sha512-IfEDxwoWIjkeXL1eXcDiow4UbKjhLdq6/EuSVR9GMN7KVH3r9gQ83e73hsz1Nd1T3ijd5xv1wcWRYO+D6kCI2w=="],

    "commander": ["commander@14.0.1", "", {}, "sha512-2JkV3gUZUVrbNA+1sjBOYLsMZ5cEEl8GTFP2a4AVz5hvasAMCQ1D2l2le/cX+pV4N6ZU17zjUahLpIXRrnWL8A=="],

    "concat-map": ["concat-map@0.0.1", "", {}, "sha512-/Srv4dswyQNBfohGpz9o6Yb3Gz3SrUDqBH5rTuhGR7ahtlbYKnVxw2bCFMRljaA7EXHaXZ8wsHdodFvbkhKmqg=="],

    "create-require": ["create-require@1.1.1", "", {}, "sha512-dcKFX3jn0MpIaXjisoRvexIJVEKzaq7z2rZKxf+MSr9TkdmHmsU4m2lcLojrj/FHl8mk5VxMmYA+ftRkP/3oKQ=="],

    "dateformat": ["dateformat@4.6.3", "", {}, "sha512-2P0p0pFGzHS5EMnhdxQi7aJN+iMheud0UhG4dlE1DLAlvL8JHjJJTX/CSm4JXwV0Ka5nGk3zC5mcb5bUQUxxMA=="],

    "debug": ["debug@4.3.4", "", { "dependencies": { "ms": "2.1.2" } }, "sha512-PRWFHuSU3eDtQJPvnNY7Jcket1j0t5OuOsFzPPzsekD52Zl8qUfFIPEiswXqIvHWGVHOgX+7G/vCNNhehwxfkQ=="],

    "diff": ["diff@4.0.2", "", {}, "sha512-58lmxKSA4BNyLz+HHMUzlOEpg09FV+ev6ZMe3vJihgdxzgcwZ8VoEEPmALCZG9LmqfVoNMMKpttIYTVG6uDY7A=="],

    "end-of-stream": ["end-of-stream@1.4.4", "", { "dependencies": { "once": "^1.4.0" } }, "sha512-+uw1inIHVPQoaVuHzRyXd21icM+cnt4CzD5rW+NC1wjOUSTOs+Te7FOv7AhN7vS9x/oIyhLP5PR1H+phQAHu5Q=="],

    "ensure-posix-path": ["ensure-posix-path@1.1.1", "", {}, "sha512-VWU0/zXzVbeJNXvME/5EmLuEj2TauvoaTz6aFYK1Z92JCBlDlZ3Gu0tuGR42kpW1754ywTs+QB0g5TP0oj9Zaw=="],

    "esbuild": ["esbuild@0.15.18", "", { "optionalDependencies": { "@esbuild/android-arm": "0.15.18", "@esbuild/linux-loong64": "0.15.18", "esbuild-android-64": "0.15.18", "esbuild-android-arm64": "0.15.18", "esbuild-darwin-64": "0.15.18", "esbuild-darwin-arm64": "0.15.18", "esbuild-freebsd-64": "0.15.18", "esbuild-freebsd-arm64": "0.15.18", "esbuild-linux-32": "0.15.18", "esbuild-linux-64": "0.15.18", "esbuild-linux-arm": "0.15.18", "esbuild-linux-arm64": "0.15.18", "esbuild-linux-mips64le": "0.15.18", "esbuild-linux-ppc64le": "0.15.18", "esbuild-linux-riscv64": "0.15.18", "esbuild-linux-s390x": "0.15.18", "esbuild-netbsd-64": "0.15.18", "esbuild-openbsd-64": "0.15.18", "esbuild-sunos-64": "0.15.18", "esbuild-windows-32": "0.15.18", "esbuild-windows-64": "0.15.18", "esbuild-windows-arm64": "0.15.18" }, "bin": "bin/esbuild" }, "sha512-x/R72SmW3sSFRm5zrrIjAhCeQSAWoni3CmHEqfQrZIQTM3lVCdehdwuIqaOtfC2slvpdlLa62GYoN8SxT23m6Q=="],

    "esbuild-android-64": ["esbuild-android-64@0.15.18", "", { "os": "android", "cpu": "x64" }, "sha512-wnpt3OXRhcjfIDSZu9bnzT4/TNTDsOUvip0foZOUBG7QbSt//w3QV4FInVJxNhKc/ErhUxc5z4QjHtMi7/TbgA=="],

    "esbuild-android-arm64": ["esbuild-android-arm64@0.15.18", "", { "os": "android", "cpu": "arm64" }, "sha512-G4xu89B8FCzav9XU8EjsXacCKSG2FT7wW9J6hOc18soEHJdtWu03L3TQDGf0geNxfLTtxENKBzMSq9LlbjS8OQ=="],

    "esbuild-darwin-64": ["esbuild-darwin-64@0.15.18", "", { "os": "darwin", "cpu": "x64" }, "sha512-2WAvs95uPnVJPuYKP0Eqx+Dl/jaYseZEUUT1sjg97TJa4oBtbAKnPnl3b5M9l51/nbx7+QAEtuummJZW0sBEmg=="],

    "esbuild-darwin-arm64": ["esbuild-darwin-arm64@0.15.18", "", { "os": "darwin", "cpu": "arm64" }, "sha512-tKPSxcTJ5OmNb1btVikATJ8NftlyNlc8BVNtyT/UAr62JFOhwHlnoPrhYWz09akBLHI9nElFVfWSTSRsrZiDUA=="],

    "esbuild-freebsd-64": ["esbuild-freebsd-64@0.15.18", "", { "os": "freebsd", "cpu": "x64" }, "sha512-TT3uBUxkteAjR1QbsmvSsjpKjOX6UkCstr8nMr+q7zi3NuZ1oIpa8U41Y8I8dJH2fJgdC3Dj3CXO5biLQpfdZA=="],

    "esbuild-freebsd-arm64": ["esbuild-freebsd-arm64@0.15.18", "", { "os": "freebsd", "cpu": "arm64" }, "sha512-R/oVr+X3Tkh+S0+tL41wRMbdWtpWB8hEAMsOXDumSSa6qJR89U0S/PpLXrGF7Wk/JykfpWNokERUpCeHDl47wA=="],

    "esbuild-linux-32": ["esbuild-linux-32@0.15.18", "", { "os": "linux", "cpu": "ia32" }, "sha512-lphF3HiCSYtaa9p1DtXndiQEeQDKPl9eN/XNoBf2amEghugNuqXNZA/ZovthNE2aa4EN43WroO0B85xVSjYkbg=="],

    "esbuild-linux-64": ["esbuild-linux-64@0.15.18", "", { "os": "linux", "cpu": "x64" }, "sha512-hNSeP97IviD7oxLKFuii5sDPJ+QHeiFTFLoLm7NZQligur8poNOWGIgpQ7Qf8Balb69hptMZzyOBIPtY09GZYw=="],

    "esbuild-linux-arm": ["esbuild-linux-arm@0.15.18", "", { "os": "linux", "cpu": "arm" }, "sha512-UH779gstRblS4aoS2qpMl3wjg7U0j+ygu3GjIeTonCcN79ZvpPee12Qun3vcdxX+37O5LFxz39XeW2I9bybMVA=="],

    "esbuild-linux-arm64": ["esbuild-linux-arm64@0.15.18", "", { "os": "linux", "cpu": "arm64" }, "sha512-54qr8kg/6ilcxd+0V3h9rjT4qmjc0CccMVWrjOEM/pEcUzt8X62HfBSeZfT2ECpM7104mk4yfQXkosY8Quptug=="],

    "esbuild-linux-mips64le": ["esbuild-linux-mips64le@0.15.18", "", { "os": "linux", "cpu": "none" }, "sha512-Mk6Ppwzzz3YbMl/ZZL2P0q1tnYqh/trYZ1VfNP47C31yT0K8t9s7Z077QrDA/guU60tGNp2GOwCQnp+DYv7bxQ=="],

    "esbuild-linux-ppc64le": ["esbuild-linux-ppc64le@0.15.18", "", { "os": "linux", "cpu": "ppc64" }, "sha512-b0XkN4pL9WUulPTa/VKHx2wLCgvIAbgwABGnKMY19WhKZPT+8BxhZdqz6EgkqCLld7X5qiCY2F/bfpUUlnFZ9w=="],

    "esbuild-linux-riscv64": ["esbuild-linux-riscv64@0.15.18", "", { "os": "linux", "cpu": "none" }, "sha512-ba2COaoF5wL6VLZWn04k+ACZjZ6NYniMSQStodFKH/Pu6RxzQqzsmjR1t9QC89VYJxBeyVPTaHuBMCejl3O/xg=="],

    "esbuild-linux-s390x": ["esbuild-linux-s390x@0.15.18", "", { "os": "linux", "cpu": "s390x" }, "sha512-VbpGuXEl5FCs1wDVp93O8UIzl3ZrglgnSQ+Hu79g7hZu6te6/YHgVJxCM2SqfIila0J3k0csfnf8VD2W7u2kzQ=="],

    "esbuild-netbsd-64": ["esbuild-netbsd-64@0.15.18", "", { "os": "none", "cpu": "x64" }, "sha512-98ukeCdvdX7wr1vUYQzKo4kQ0N2p27H7I11maINv73fVEXt2kyh4K4m9f35U1K43Xc2QGXlzAw0K9yoU7JUjOg=="],

    "esbuild-openbsd-64": ["esbuild-openbsd-64@0.15.18", "", { "os": "openbsd", "cpu": "x64" }, "sha512-yK5NCcH31Uae076AyQAXeJzt/vxIo9+omZRKj1pauhk3ITuADzuOx5N2fdHrAKPxN+zH3w96uFKlY7yIn490xQ=="],

    "esbuild-sunos-64": ["esbuild-sunos-64@0.15.18", "", { "os": "sunos", "cpu": "x64" }, "sha512-On22LLFlBeLNj/YF3FT+cXcyKPEI263nflYlAhz5crxtp3yRG1Ugfr7ITyxmCmjm4vbN/dGrb/B7w7U8yJR9yw=="],

    "esbuild-windows-32": ["esbuild-windows-32@0.15.18", "", { "os": "win32", "cpu": "ia32" }, "sha512-o+eyLu2MjVny/nt+E0uPnBxYuJHBvho8vWsC2lV61A7wwTWC3jkN2w36jtA+yv1UgYkHRihPuQsL23hsCYGcOQ=="],

    "esbuild-windows-64": ["esbuild-windows-64@0.15.18", "", { "os": "win32", "cpu": "x64" }, "sha512-qinug1iTTaIIrCorAUjR0fcBk24fjzEedFYhhispP8Oc7SFvs+XeW3YpAKiKp8dRpizl4YYAhxMjlftAMJiaUw=="],

    "esbuild-windows-arm64": ["esbuild-windows-arm64@0.15.18", "", { "os": "win32", "cpu": "arm64" }, "sha512-q9bsYzegpZcLziq0zgUi5KqGVtfhjxGbnksaBFYmWLxeV/S1fK4OLdq2DFYnXcLMjlZw2L0jLsk1eGoB522WXQ=="],

    "fast-copy": ["fast-copy@3.0.2", "", {}, "sha512-dl0O9Vhju8IrcLndv2eU4ldt1ftXMqqfgN4H1cpmGV7P6jeB9FwpN9a2c8DPGE1Ys88rNUJVYDHq73CGAGOPfQ=="],

    "fast-safe-stringify": ["fast-safe-stringify@2.1.1", "", {}, "sha512-W+KJc2dmILlPplD/H4K9l9LcAHAfPtP6BY84uVLXQ6Evcz9Lcg33Y2z1IVblT6xdY54PXYVHEv+0Wpq8Io6zkA=="],

    "fd-slicer": ["fd-slicer@1.1.0", "", { "dependencies": { "pend": "~1.2.0" } }, "sha512-cE1qsB/VwyQozZ+q1dGxR8LBYNZeofhEdUNGSMbQD3Gw2lAzX9Zb3uIU6Ebc/Fmyjo9AWWfnn0AUCHqtevs/8g=="],

    "help-me": ["help-me@5.0.0", "", {}, "sha512-7xgomUX6ADmcYzFik0HzAxh/73YlKR9bmFzf51CZwR+b6YtzU2m0u49hQCqV6SvlqIqsaxovfwdvbnsw3b/zpg=="],

    "https-proxy-agent": ["https-proxy-agent@7.0.2", "", { "dependencies": { "agent-base": "^7.0.2", "debug": "4" } }, "sha512-NmLNjm6ucYwtcUmL7JQC1ZQ57LmHP4lT15FQ8D61nak1rO6DH+fz5qNK2Ap5UN4ZapYICE3/0KodcLYSPsPbaA=="],

    "joycon": ["joycon@3.1.1", "", {}, "sha512-34wB/Y7MW7bzjKRjUKTa46I2Z7eV62Rkhva+KkopW7Qvv/OSWBqvkSY7vusOPrNuZcUG3tApvdVgNB8POj3SPw=="],

    "json-rpc-2.0": ["json-rpc-2.0@1.7.1", "", {}, "sha512-JqZjhjAanbpkXIzFE7u8mE/iFblawwlXtONaCvRqI+pyABVz7B4M1EUNpyVW+dZjqgQ2L5HFmZCmOCgUKm00hg=="],

    "make-error": ["make-error@1.3.6", "", {}, "sha512-s8UhlNe7vPKomQhC1qFelMokr/Sc3AgNbso3n74mVPA5LTZwkB9NlXf4XPamLxJE8h0gh73rM94xvwRT2CVInw=="],

    "matcher-collection": ["matcher-collection@2.0.1", "", { "dependencies": { "@types/minimatch": "^3.0.3", "minimatch": "^3.0.2" } }, "sha512-daE62nS2ZQsDg9raM0IlZzLmI2u+7ZapXBwdoeBUKAYERPDDIc0qNqA8E0Rp2D+gspKR7BgIFP52GeujaGXWeQ=="],

    "minimatch": ["minimatch@10.0.3", "", { "dependencies": { "@isaacs/brace-expansion": "^5.0.0" } }, "sha512-IPZ167aShDZZUMdRk66cyQAW3qr0WzbHkPdMYa8bzZhlHhO3jALbKdxcaak7W9FfT2rZNpQuUu4Od7ILEpXSaw=="],

    "minimist": ["minimist@1.2.8", "", {}, "sha512-2yyAR8qBkN3YuheJanUpWC5U3bb5osDywNB8RzDVlDwDHbocAJveqqj1u8+SVD7jkWT4yvsHCpWqqWqAxb0zCA=="],

    "ms": ["ms@2.1.2", "", {}, "sha512-sGkPx+VjMtmA6MX27oA4FBFELFCZZ4S4XqeGOXCv68tT+jb3vk/RyaKWP0PTKyWtmLSM0b+adUTEvbs1PEaH2w=="],

    "node-addon-api": ["node-addon-api@8.5.0", "", {}, "sha512-/bRZty2mXUIFY/xU5HLvveNHlswNJej+RnxBjOMkidWfwZzgTbPG1E3K5TOxRLOR+5hX7bSofy8yf1hZevMS8A=="],

    "node-gyp-build": ["node-gyp-build@4.8.4", "", { "bin": { "node-gyp-build": "bin.js", "node-gyp-build-optional": "optional.js", "node-gyp-build-test": "build-test.js" } }, "sha512-LA4ZjwlnUblHVgq0oBF3Jl/6h/Nvs5fzBLwdEF4nuxnFdsfajde4WfxtJr3CaiH+F6ewcIB/q4jQ4UzPyid+CQ=="],

    "on-exit-leak-free": ["on-exit-leak-free@2.1.2", "", {}, "sha512-0eJJY6hXLGf1udHwfNftBqH+g73EU4B504nZeKpz1sYRKafAghwxEJunB2O7rDZkL4PGfsMVnTXZ2EjibbqcsA=="],

    "once": ["once@1.4.0", "", { "dependencies": { "wrappy": "1" } }, "sha512-lNaJgI+2Q5URQBkccEKHTQOPaXdUxnZZElQTZY0MFUAuaEqe1E+Nyvgdz/aIyNi6Z9MzO5dv1H8n58/GELp3+w=="],

    "pend": ["pend@1.2.0", "", {}, "sha512-F3asv42UuXchdzt+xXqfW1OGlVBe+mxa2mqI0pg5yAHZPvFmY3Y6drSf/GQ1A86WgWEN9Kzh/WrgKa6iGcHXLg=="],

    "pino": ["pino@10.0.0", "", { "dependencies": { "atomic-sleep": "^1.0.0", "on-exit-leak-free": "^2.1.0", "pino-abstract-transport": "^2.0.0", "pino-std-serializers": "^7.0.0", "process-warning": "^5.0.0", "quick-format-unescaped": "^4.0.3", "real-require": "^0.2.0", "safe-stable-stringify": "^2.3.1", "slow-redact": "^0.3.0", "sonic-boom": "^4.0.1", "thread-stream": "^3.0.0" }, "bin": { "pino": "bin.js" } }, "sha512-eI9pKwWEix40kfvSzqEP6ldqOoBIN7dwD/o91TY5z8vQI12sAffpR/pOqAD1IVVwIVHDpHjkq0joBPdJD0rafA=="],

    "pino-abstract-transport": ["pino-abstract-transport@2.0.0", "", { "dependencies": { "split2": "^4.0.0" } }, "sha512-F63x5tizV6WCh4R6RHyi2Ml+M70DNRXt/+HANowMflpgGFMAym/VKm6G7ZOQRjqN7XbGxK1Lg9t6ZrtzOaivMw=="],

    "pino-pretty": ["pino-pretty@13.1.2", "", { "dependencies": { "colorette": "^2.0.7", "dateformat": "^4.6.3", "fast-copy": "^3.0.2", "fast-safe-stringify": "^2.1.1", "help-me": "^5.0.0", "joycon": "^3.1.1", "minimist": "^1.2.6", "on-exit-leak-free": "^2.1.0", "pino-abstract-transport": "^2.0.0", "pump": "^3.0.0", "secure-json-parse": "^4.0.0", "sonic-boom": "^4.0.1", "strip-json-comments": "^5.0.2" }, "bin": { "pino-pretty": "bin.js" } }, "sha512-3cN0tCakkT4f3zo9RXDIhy6GTvtYD6bK4CRBLN9j3E/ePqN1tugAXD5rGVfoChW6s0hiek+eyYlLNqc/BG7vBQ=="],

    "pino-std-serializers": ["pino-std-serializers@7.0.0", "", {}, "sha512-e906FRY0+tV27iq4juKzSYPbUj2do2X2JX4EzSca1631EB2QJQUqGbDuERal7LCtOpxl6x3+nvo9NPZcmjkiFA=="],

    "process-warning": ["process-warning@5.0.0", "", {}, "sha512-a39t9ApHNx2L4+HBnQKqxxHNs1r7KF+Intd8Q/g1bUh6q0WIp9voPXJ/x0j+ZL45KF1pJd9+q2jLIRMfvEshkA=="],

    "proxy-from-env": ["proxy-from-env@1.1.0", "", {}, "sha512-D+zkORCbA9f1tdWRK0RaCR3GPv50cMxcrz4X8k5LTSUD1Dkw47mKJEZQNunItRTkWwgtaUSo1RVFRIG9ZXiFYg=="],

    "pump": ["pump@3.0.0", "", { "dependencies": { "end-of-stream": "^1.1.0", "once": "^1.3.1" } }, "sha512-LwZy+p3SFs1Pytd/jYct4wpv49HiYCqd9Rlc5ZVdk0V+8Yzv6jR5Blk3TRmPL1ft69TxP0IMZGJ+WPFU2BFhww=="],

    "quick-format-unescaped": ["quick-format-unescaped@4.0.4", "", {}, "sha512-tYC1Q1hgyRuHgloV/YXs2w15unPVh8qfu/qCTfhTYamaw7fyhumKa2yGpdSo87vY32rIclj+4fWYQXUMs9EHvg=="],

    "real-require": ["real-require@0.2.0", "", {}, "sha512-57frrGM/OCTLqLOAh0mhVA9VBMHd+9U7Zb2THMGdBUoZVOtGbJzjxsYGDJ3A9AYYCP4hn6y1TVbaOfzWtm5GFg=="],

    "safe-stable-stringify": ["safe-stable-stringify@2.4.3", "", {}, "sha512-e2bDA2WJT0wxseVd4lsDP4+3ONX6HpMXQa1ZhFQ7SU+GjvORCmShbCMltrtIDfkYhVHrOcPtj+KhmDBdPdZD1g=="],

    "secure-json-parse": ["secure-json-parse@4.1.0", "", {}, "sha512-l4KnYfEyqYJxDwlNVyRfO2E4NTHfMKAWdUuA8J0yve2Dz/E/PdBepY03RvyJpssIpRFwJoCD55wA+mEDs6ByWA=="],

    "slow-redact": ["slow-redact@0.3.2", "", {}, "sha512-MseHyi2+E/hBRqdOi5COy6wZ7j7DxXRz9NkseavNYSvvWC06D8a5cidVZX3tcG5eCW3NIyVU4zT63hw0Q486jw=="],

    "sonic-boom": ["sonic-boom@4.2.0", "", { "dependencies": { "atomic-sleep": "^1.0.0" } }, "sha512-INb7TM37/mAcsGmc9hyyI6+QR3rR1zVRu36B0NeGXKnOOLiZOfER5SA+N7X7k3yUYRzLWafduTDvJAfDswwEww=="],

    "split2": ["split2@4.2.0", "", {}, "sha512-UcjcJOWknrNkF6PLX83qcHM6KHgVKNkV62Y8a5uYDVv9ydGQVwAHMKqHdJje1VTWpljG0WYpCDhrCdAOYH4TWg=="],

    "strip-json-comments": ["strip-json-comments@5.0.3", "", {}, "sha512-1tB5mhVo7U+ETBKNf92xT4hrQa3pm0MZ0PQvuDnWgAAGHDsfp4lPSpiS6psrSiet87wyGPh9ft6wmhOMQ0hDiw=="],

    "thread-stream": ["thread-stream@3.1.0", "", { "dependencies": { "real-require": "^0.2.0" } }, "sha512-OqyPZ9u96VohAyMfJykzmivOrY2wfMSf3C5TtFJVgN+Hm6aj+voFhlK+kZEIv2FBh1X6Xp3DlnCOfEQ3B2J86A=="],

    "tree-sitter": ["tree-sitter@0.25.0", "", { "dependencies": { "node-addon-api": "^8.3.0", "node-gyp-build": "^4.8.4" } }, "sha512-PGZZzFW63eElZJDe/b/R/LbsjDDYJa5UEjLZJB59RQsMX+fo0j54fqBPn1MGKav/QNa0JR0zBiVaikYDWCj5KQ=="],

    "tree-sitter-javascript": ["tree-sitter-javascript@0.23.1", "", { "dependencies": { "node-addon-api": "^8.2.2", "node-gyp-build": "^4.8.2" }, "peerDependencies": { "tree-sitter": "^0.21.1" }, "optionalPeers": ["tree-sitter"] }, "sha512-/bnhbrTD9frUYHQTiYnPcxyHORIw157ERBa6dqzaKxvR/x3PC4Yzd+D1pZIMS6zNg2v3a8BZ0oK7jHqsQo9fWA=="],

    "tree-sitter-typescript": ["tree-sitter-typescript@0.23.2", "", { "dependencies": { "node-addon-api": "^8.2.2", "node-gyp-build": "^4.8.2", "tree-sitter-javascript": "^0.23.1" }, "peerDependencies": { "tree-sitter": "^0.21.0" }, "optionalPeers": ["tree-sitter"] }, "sha512-e04JUUKxTT53/x3Uq1zIL45DoYKVfHH4CZqwgZhPg5qYROl5nQjV+85ruFzFGZxu+QeFVbRTPDRnqL9UbU4VeA=="],

    "ts-lsp-client": ["ts-lsp-client@1.1.0", "", { "dependencies": { "json-rpc-2.0": "^1.7.1", "pino": "^10.0.0", "pino-pretty": "^13.1.1", "tslib": "~2.8.1" } }, "sha512-+2FCenR+TtUrnm9dh6/Uk++0hO1/yNV+27anNGKIAOAJ+pTLEXpddJx9z3JtzTkuDYdxFTIH+SvM8HNL24uumA=="],

    "ts-node": ["ts-node@10.9.2", "", { "dependencies": { "@cspotcode/source-map-support": "^0.8.0", "@tsconfig/node10": "^1.0.7", "@tsconfig/node12": "^1.0.7", "@tsconfig/node14": "^1.0.0", "@tsconfig/node16": "^1.0.2", "acorn": "^8.4.1", "acorn-walk": "^8.1.1", "arg": "^4.1.0", "create-require": "^1.1.0", "diff": "^4.0.1", "make-error": "^1.1.1", "v8-compile-cache-lib": "^3.0.1", "yn": "3.1.1" }, "peerDependencies": { "@swc/core": ">=1.2.50", "@swc/wasm": ">=1.2.50", "@types/node": "*", "typescript": ">=2.7" }, "optionalPeers": ["@swc/core", "@swc/wasm"], "bin": { "ts-node": "dist/bin.js", "ts-script": "dist/bin-script-deprecated.js", "ts-node-cwd": "dist/bin-cwd.js", "ts-node-esm": "dist/bin-esm.js", "ts-node-script": "dist/bin-script.js", "ts-node-transpile-only": "dist/bin-transpile.js" } }, "sha512-f0FFpIdcHgn8zcPSbf1dRevwt047YMnaiJM3u2w2RewrB+fob/zePZcrOyQoLMMO7aBIddLcQIEK5dYjkLnGrQ=="],

    "tslib": ["tslib@2.8.1", "", {}, "sha512-oJFu94HQb+KVduSUQL7wnpmqnfmLsOA/nAh6b6EH0wCEoK0/mPeXU6c3wKDV83MkOuHPRHtSXKKU99IBazS/2w=="],

    "tsm": ["tsm@2.3.0", "", { "dependencies": { "esbuild": "^0.15.16" }, "bin": "bin.js" }, "sha512-++0HFnmmR+gMpDtKTnW3XJ4yv9kVGi20n+NfyQWB9qwJvTaIWY9kBmzek2YUQK5APTQ/1DTrXmm4QtFPmW9Rzw=="],

    "typescript": ["typescript@5.9.3", "", { "bin": { "tsc": "bin/tsc", "tsserver": "bin/tsserver" } }, "sha512-jl1vZzPDinLr9eUt3J/t7V6FgNEw9QjvBPdysz9KfQDD41fQrC2Y4vKQdiaUpFT4bXlb1RHhLpp8wtm6M5TgSw=="],

    "undici-types": ["undici-types@7.14.0", "", {}, "sha512-QQiYxHuyZ9gQUIrmPo3IA+hUl4KYk8uSA7cHrcKd/l3p1OTpZcM0Tbp9x7FAtXdAYhlasd60ncPpgu6ihG6TOA=="],

    "v8-compile-cache-lib": ["v8-compile-cache-lib@3.0.1", "", {}, "sha512-wa7YjyUGfNZngI/vtK0UHAN+lgDCxBPCylVXGp0zu59Fz5aiGtNXaq3DhIov063MorB+VfufLh3JlF2KdTK3xg=="],

    "walk-sync": ["walk-sync@4.0.1", "", { "dependencies": { "@types/minimatch": "^5.1.2", "ensure-posix-path": "^1.1.1", "matcher-collection": "^2.0.1", "minimatch": "^10.0.3" } }, "sha512-oXP3IlkfG9Mqdgqh3JGYTPAcryRQd1J1CJOxOgsri2I1MD6N+k4OqxEVP4ZQ0xyYJfYPhBVPRMUVK+N5f13+jQ=="],

    "wrappy": ["wrappy@1.0.2", "", {}, "sha512-l4Sp/DRseor9wL6EvV2+TuQn63dMkPjZ/sp9XkghTEbV9KlPS1xUsZ3u7/IQO4wxtcFB4bgpQPRcR3QCvezPcQ=="],

    "yauzl": ["yauzl@2.10.0", "", { "dependencies": { "buffer-crc32": "~0.2.3", "fd-slicer": "~1.1.0" } }, "sha512-p4a9I6X6nu6IhoGmBqAcbJy1mlC4j27vEPZX9F4L4/vZT3Lyq1VkFHw/V/PUcB9Buo+DG3iHkT0x3Qya58zc3g=="],

    "yn": ["yn@3.1.1", "", {}, "sha512-Ux4ygGWsu2c7isFWe8Yu1YluJmqVhxqK2cLXNQA5AcC3QfbGNpM7fu0Y8b/z16pXLnFxZYvWhd3fhBY9DLmC6Q=="],

    "matcher-collection/@types/minimatch": ["@types/minimatch@3.0.5", "", {}, "sha512-Klz949h02Gz2uZCMGwDUSDS1YBlTdDDgbWHi+81l29tQALUtvz4rAYi5uoVhE5Lagoq6DeqAUlbrHvW/mXDgdQ=="],

    "matcher-collection/minimatch": ["minimatch@3.1.2", "", { "dependencies": { "brace-expansion": "^1.1.7" } }, "sha512-J7p63hRiAjw1NDEww1W7i37+ByIrOWO5XQQAzZ3VOcL0PNybwpfmV/N05zFAzwQ9USyEcX6t3UO+K5aqBQOIHw=="],
  }
}
